// !$*UTF8*$!
{
	archiveVersion = 1;
	classes = {
	};
	objectVersion = 55;
	objects = {

/* Begin PBXBuildFile section */
		8801C1A928E4DCB600C506FA /* AppDelegate.swift in Sources */ = {isa = PBXBuildFile; fileRef = 8801C1A828E4DCB600C506FA /* AppDelegate.swift */; };
		8801C1AB28E4DCB600C506FA /* SceneDelegate.swift in Sources */ = {isa = PBXBuildFile; fileRef = 8801C1AA28E4DCB600C506FA /* SceneDelegate.swift */; };
		8801C1AD28E4DCB600C506FA /* ViewController.swift in Sources */ = {isa = PBXBuildFile; fileRef = 8801C1AC28E4DCB600C506FA /* ViewController.swift */; };
		8801C1B028E4DCB600C506FA /* Main.storyboard in Resources */ = {isa = PBXBuildFile; fileRef = 8801C1AE28E4DCB600C506FA /* Main.storyboard */; };
		8801C1B228E4DCB700C506FA /* Assets.xcassets in Resources */ = {isa = PBXBuildFile; fileRef = 8801C1B128E4DCB700C506FA /* Assets.xcassets */; };
		8801C1B528E4DCB700C506FA /* LaunchScreen.storyboard in Resources */ = {isa = PBXBuildFile; fileRef = 8801C1B328E4DCB700C506FA /* LaunchScreen.storyboard */; };
/* End PBXBuildFile section */

/* Begin PBXFileReference section */
		8801C1A528E4DCB600C506FA /* simpleWorkFlows-pizzaDevilery.app */ = {isa = PBXFileReference; explicitFileType = wrapper.application; includeInIndex = 0; path = "simpleWorkFlows-pizzaDevilery.app"; sourceTree = BUILT_PRODUCTS_DIR; };
		8801C1A828E4DCB600C506FA /* AppDelegate.swift */ = {isa = PBXFileReference; lastKnownFileType = sourcecode.swift; path = AppDelegate.swift; sourceTree = "<group>"; };
		8801C1AA28E4DCB600C506FA /* SceneDelegate.swift */ = {isa = PBXFileReference; lastKnownFileType = sourcecode.swift; path = SceneDelegate.swift; sourceTree = "<group>"; };
		8801C1AC28E4DCB600C506FA /* ViewController.swift */ = {isa = PBXFileReference; lastKnownFileType = sourcecode.swift; path = ViewController.swift; sourceTree = "<group>"; };
		8801C1AF28E4DCB600C506FA /* Base */ = {isa = PBXFileReference; lastKnownFileType = file.storyboard; name = Base; path = Base.lproj/Main.storyboard; sourceTree = "<group>"; };
		8801C1B128E4DCB700C506FA /* Assets.xcassets */ = {isa = PBXFileReference; lastKnownFileType = folder.assetcatalog; path = Assets.xcassets; sourceTree = "<group>"; };
		8801C1B428E4DCB700C506FA /* Base */ = {isa = PBXFileReference; lastKnownFileType = file.storyboard; name = Base; path = Base.lproj/LaunchScreen.storyboard; sourceTree = "<group>"; };
		8801C1B628E4DCB700C506FA /* Info.plist */ = {isa = PBXFileReference; lastKnownFileType = text.plist.xml; path = Info.plist; sourceTree = "<group>"; };
/* End PBXFileReference section */

/* Begin PBXFrameworksBuildPhase section */
		8801C1A228E4DCB600C506FA /* Frameworks */ = {
			isa = PBXFrameworksBuildPhase;
			buildActionMask = 2147483647;
			files = (
			);
			runOnlyForDeploymentPostprocessing = 0;
		};
/* End PBXFrameworksBuildPhase section */

/* Begin PBXGroup section */
		8801C19C28E4DCB600C506FA = {
			isa = PBXGroup;
			children = (
				8801C1A728E4DCB600C506FA /* simpleWorkFlows-pizzaDevilery */,
				8801C1A628E4DCB600C506FA /* Products */,
			);
			sourceTree = "<group>";
		};
		8801C1A628E4DCB600C506FA /* Products */ = {
			isa = PBXGroup;
			children = (
				8801C1A528E4DCB600C506FA /* simpleWorkFlows-pizzaDevilery.app */,
			);
			name = Products;
			sourceTree = "<group>";
		};
		8801C1A728E4DCB600C506FA /* simpleWorkFlows-pizzaDevilery */ = {
			isa = PBXGroup;
			children = (
				8801C1A828E4DCB600C506FA /* AppDelegate.swift */,
				8801C1AA28E4DCB600C506FA /* SceneDelegate.swift */,
				8801C1AC28E4DCB600C506FA /* ViewController.swift */,
				8801C1AE28E4DCB600C506FA /* Main.storyboard */,
				8801C1B128E4DCB700C506FA /* Assets.xcassets */,
				8801C1B328E4DCB700C506FA /* LaunchScreen.storyboard */,
				8801C1B628E4DCB700C506FA /* Info.plist */,
			);
			path = "simpleWorkFlows-pizzaDevilery";
			sourceTree = "<group>";
		};
/* End PBXGroup section */

/* Begin PBXNativeTarget section */
		8801C1A428E4DCB600C506FA /* simpleWorkFlows-pizzaDevilery */ = {
			isa = PBXNativeTarget;
			buildConfigurationList = 8801C1B928E4DCB700C506FA /* Build configuration list for PBXNativeTarget "simpleWorkFlows-pizzaDevilery" */;
			buildPhases = (
				8801C1A128E4DCB600C506FA /* Sources */,
				8801C1A228E4DCB600C506FA /* Frameworks */,
				8801C1A328E4DCB600C506FA /* Resources */,
			);
			buildRules = (
			);
			dependencies = (
			);
			name = "simpleWorkFlows-pizzaDevilery";
			productName = "simpleWorkFlows-pizzaDevilery";
			productReference = 8801C1A528E4DCB600C506FA /* simpleWorkFlows-pizzaDevilery.app */;
			productType = "com.apple.product-type.application";
		};
/* End PBXNativeTarget section */

/* Begin PBXProject section */
		8801C19D28E4DCB600C506FA /* Project object */ = {
			isa = PBXProject;
			attributes = {
				BuildIndependentTargetsInParallel = 1;
				LastSwiftUpdateCheck = 1340;
				LastUpgradeCheck = 1340;
				TargetAttributes = {
					8801C1A428E4DCB600C506FA = {
						CreatedOnToolsVersion = 13.4.1;
					};
				};
			};
			buildConfigurationList = 8801C1A028E4DCB600C506FA /* Build configuration list for PBXProject "simpleWorkFlows-pizzaDevilery" */;
			compatibilityVersion = "Xcode 13.0";
			developmentRegion = en;
			hasScannedForEncodings = 0;
			knownRegions = (
				en,
				Base,
			);
			mainGroup = 8801C19C28E4DCB600C506FA;
			productRefGroup = 8801C1A628E4DCB600C506FA /* Products */;
			projectDirPath = "";
			projectRoot = "";
			targets = (
				8801C1A428E4DCB600C506FA /* simpleWorkFlows-pizzaDevilery */,
			);
		};
/* End PBXProject section */

/* Begin PBXResourcesBuildPhase section */
		8801C1A328E4DCB600C506FA /* Resources */ = {
			isa = PBXResourcesBuildPhase;
			buildActionMask = 2147483647;
			files = (
				8801C1B528E4DCB700C506FA /* LaunchScreen.storyboard in Resources */,
				8801C1B228E4DCB700C506FA /* Assets.xcassets in Resources */,
				8801C1B028E4DCB600C506FA /* Main.storyboard in Resources */,
			);
			runOnlyForDeploymentPostprocessing = 0;
		};
/* End PBXResourcesBuildPhase section */

/* Begin PBXSourcesBuildPhase section */
		8801C1A128E4DCB600C506FA /* Sources */ = {
			isa = PBXSourcesBuildPhase;
			buildActionMask = 2147483647;
			files = (
				8801C1AD28E4DCB600C506FA /* ViewController.swift in Sources */,
				8801C1A928E4DCB600C506FA /* AppDelegate.swift in Sources */,
				8801C1AB28E4DCB600C506FA /* SceneDelegate.swift in Sources */,
			);
			runOnlyForDeploymentPostprocessing = 0;
		};
/* End PBXSourcesBuildPhase section */

/* Begin PBXVariantGroup section */
		8801C1AE28E4DCB600C506FA /* Main.storyboard */ = {
			isa = PBXVariantGroup;
			children = (
				8801C1AF28E4DCB600C506FA /* Base */,
			);
			name = Main.storyboard;
			sourceTree = "<group>";
		};
		8801C1B328E4DCB700C506FA /* LaunchScreen.storyboard */ = {
			isa = PBXVariantGroup;
			children = (
				8801C1B428E4DCB700C506FA /* Base */,
			);
			name = LaunchScreen.storyboard;
			sourceTree = "<group>";
		};
/* End PBXVariantGroup section */

/* Begin XCBuildConfiguration section */
		8801C1B728E4DCB700C506FA /* Debug */ = {
			isa = XCBuildConfiguration;
			buildSettings = {
				ALWAYS_SEARCH_USER_PATHS = NO;
				CLANG_ANALYZER_NONNULL = YES;
				CLANG_ANALYZER_NUMBER_OBJECT_CONVERSION = YES_AGGRESSIVE;
				CLANG_CXX_LANGUAGE_STANDARD = "gnu++17";
				CLANG_ENABLE_MODULES = YES;
				CLANG_ENABLE_OBJC_ARC = YES;
				CLANG_ENABLE_OBJC_WEAK = YES;
				CLANG_WARN_BLOCK_CAPTURE_AUTORELEASING = YES;
				CLANG_WARN_BOOL_CONVERSION = YES;
				CLANG_WARN_COMMA = YES;
				CLANG_WARN_CONSTANT_CONVERSION = YES;
				CLANG_WARN_DEPRECATED_OBJC_IMPLEMENTATIONS = YES;
				CLANG_WARN_DIRECT_OBJC_ISA_USAGE = YES_ERROR;
				CLANG_WARN_DOCUMENTATION_COMMENTS = YES;
				CLANG_WARN_EMPTY_BODY = YES;
				CLANG_WARN_ENUM_CONVERSION = YES;
				CLANG_WARN_INFINITE_RECURSION = YES;
				CLANG_WARN_INT_CONVERSION = YES;
				CLANG_WARN_NON_LITERAL_NULL_CONVERSION = YES;
				CLANG_WARN_OBJC_IMPLICIT_RETAIN_SELF = YES;
				CLANG_WARN_OBJC_LITERAL_CONVERSION = YES;
				CLANG_WARN_OBJC_ROOT_CLASS = YES_ERROR;
				CLANG_WARN_QUOTED_INCLUDE_IN_FRAMEWORK_HEADER = YES;
				CLANG_WARN_RANGE_LOOP_ANALYSIS = YES;
				CLANG_WARN_STRICT_PROTOTYPES = YES;
				CLANG_WARN_SUSPICIOUS_MOVE = YES;
				CLANG_WARN_UNGUARDED_AVAILABILITY = YES_AGGRESSIVE;
				CLANG_WARN_UNREACHABLE_CODE = YES;
				CLANG_WARN__DUPLICATE_METHOD_MATCH = YES;
				COPY_PHASE_STRIP = NO;
				DEBUG_INFORMATION_FORMAT = dwarf;
				ENABLE_STRICT_OBJC_MSGSEND = YES;
				ENABLE_TESTABILITY = YES;
				GCC_C_LANGUAGE_STANDARD = gnu11;
				GCC_DYNAMIC_NO_PIC = NO;
				GCC_NO_COMMON_BLOCKS = YES;
				GCC_OPTIMIZATION_LEVEL = 0;
				GCC_PREPROCESSOR_DEFINITIONS = (
					"DEBUG=1",
					"$(inherited)",
				);
				GCC_WARN_64_TO_32_BIT_CONVERSION = YES;
				GCC_WARN_ABOUT_RETURN_TYPE = YES_ERROR;
				GCC_WARN_UNDECLARED_SELECTOR = YES;
				GCC_WARN_UNINITIALIZED_AUTOS = YES_AGGRESSIVE;
				GCC_WARN_UNUSED_FUNCTION = YES;
				GCC_WARN_UNUSED_VARIABLE = YES;
				IPHONEOS_DEPLOYMENT_TARGET = 15.5;
				MTL_ENABLE_DEBUG_INFO = INCLUDE_SOURCE;
				MTL_FAST_MATH = YES;
				ONLY_ACTIVE_ARCH = YES;
				SDKROOT = iphoneos;
				SWIFT_ACTIVE_COMPILATION_CONDITIONS = DEBUG;
				SWIFT_OPTIMIZATION_LEVEL = "-Onone";
			};
			name = Debug;
		};
		8801C1B828E4DCB700C506FA /* Release */ = {
			isa = XCBuildConfiguration;
			buildSettings = {
				ALWAYS_SEARCH_USER_PATHS = NO;
				CLANG_ANALYZER_NONNULL = YES;
				CLANG_ANALYZER_NUMBER_OBJECT_CONVERSION = YES_AGGRESSIVE;
				CLANG_CXX_LANGUAGE_STANDARD = "gnu++17";
				CLANG_ENABLE_MODULES = YES;
				CLANG_ENABLE_OBJC_ARC = YES;
				CLANG_ENABLE_OBJC_WEAK = YES;
				CLANG_WARN_BLOCK_CAPTURE_AUTORELEASING = YES;
				CLANG_WARN_BOOL_CONVERSION = YES;
				CLANG_WARN_COMMA = YES;
				CLANG_WARN_CONSTANT_CONVERSION = YES;
				CLANG_WARN_DEPRECATED_OBJC_IMPLEMENTATIONS = YES;
				CLANG_WARN_DIRECT_OBJC_ISA_USAGE = YES_ERROR;
				CLANG_WARN_DOCUMENTATION_COMMENTS = YES;
				CLANG_WARN_EMPTY_BODY = YES;
				CLANG_WARN_ENUM_CONVERSION = YES;
				CLANG_WARN_INFINITE_RECURSION = YES;
				CLANG_WARN_INT_CONVERSION = YES;
				CLANG_WARN_NON_LITERAL_NULL_CONVERSION = YES;
				CLANG_WARN_OBJC_IMPLICIT_RETAIN_SELF = YES;
				CLANG_WARN_OBJC_LITERAL_CONVERSION = YES;
				CLANG_WARN_OBJC_ROOT_CLASS = YES_ERROR;
				CLANG_WARN_QUOTED_INCLUDE_IN_FRAMEWORK_HEADER = YES;
				CLANG_WARN_RANGE_LOOP_ANALYSIS = YES;
				CLANG_WARN_STRICT_PROTOTYPES = YES;
				CLANG_WARN_SUSPICIOUS_MOVE = YES;
				CLANG_WARN_UNGUARDED_AVAILABILITY = YES_AGGRESSIVE;
				CLANG_WARN_UNREACHABLE_CODE = YES;
				CLANG_WARN__DUPLICATE_METHOD_MATCH = YES;
				COPY_PHASE_STRIP = NO;
				DEBUG_INFORMATION_FORMAT = "dwarf-with-dsym";
				ENABLE_NS_ASSERTIONS = NO;
				ENABLE_STRICT_OBJC_MSGSEND = YES;
				GCC_C_LANGUAGE_STANDARD = gnu11;
				GCC_NO_COMMON_BLOCKS = YES;
				GCC_WARN_64_TO_32_BIT_CONVERSION = YES;
				GCC_WARN_ABOUT_RETURN_TYPE = YES_ERROR;
				GCC_WARN_UNDECLARED_SELECTOR = YES;
				GCC_WARN_UNINITIALIZED_AUTOS = YES_AGGRESSIVE;
				GCC_WARN_UNUSED_FUNCTION = YES;
				GCC_WARN_UNUSED_VARIABLE = YES;
				IPHONEOS_DEPLOYMENT_TARGET = 15.5;
				MTL_ENABLE_DEBUG_INFO = NO;
				MTL_FAST_MATH = YES;
				SDKROOT = iphoneos;
				SWIFT_COMPILATION_MODE = wholemodule;
				SWIFT_OPTIMIZATION_LEVEL = "-O";
				VALIDATE_PRODUCT = YES;
			};
			name = Release;
		};
		8801C1BA28E4DCB700C506FA /* Debug */ = {
			isa = XCBuildConfiguration;
			buildSettings = {
				ASSETCATALOG_COMPILER_APPICON_NAME = AppIcon;
				ASSETCATALOG_COMPILER_GLOBAL_ACCENT_COLOR_NAME = AccentColor;
				CODE_SIGN_STYLE = Automatic;
				CURRENT_PROJECT_VERSION = 1;
				DEVELOPMENT_TEAM = 479TT666V2;
				GENERATE_INFOPLIST_FILE = YES;
				INFOPLIST_FILE = "simpleWorkFlows-pizzaDevilery/Info.plist";
				INFOPLIST_KEY_UIApplicationSupportsIndirectInputEvents = YES;
				INFOPLIST_KEY_UILaunchStoryboardName = LaunchScreen;
				INFOPLIST_KEY_UIMainStoryboardFile = Main;
				INFOPLIST_KEY_UISupportedInterfaceOrientations_iPad = "UIInterfaceOrientationPortrait UIInterfaceOrientationPortraitUpsideDown UIInterfaceOrientationLandscapeLeft UIInterfaceOrientationLandscapeRight";
				INFOPLIST_KEY_UISupportedInterfaceOrientations_iPhone = "UIInterfaceOrientationPortrait UIInterfaceOrientationLandscapeLeft UIInterfaceOrientationLandscapeRight";
				LD_RUNPATH_SEARCH_PATHS = (
					"$(inherited)",
					"@executable_path/Frameworks",
				);
				MARKETING_VERSION = 1.0;
				PRODUCT_BUNDLE_IDENTIFIER = "mtech.simpleWorkFlows-pizzaDevilery";
				PRODUCT_NAME = "$(TARGET_NAME)";
				SWIFT_EMIT_LOC_STRINGS = YES;
				SWIFT_VERSION = 5.0;
				TARGETED_DEVICE_FAMILY = "1,2";
			};
			name = Debug;
		};
		8801C1BB28E4DCB700C506FA /* Release */ = {
			isa = XCBuildConfiguration;
			buildSettings = {
				ASSETCATALOG_COMPILER_APPICON_NAME = AppIcon;
				ASSETCATALOG_COMPILER_GLOBAL_ACCENT_COLOR_NAME = AccentColor;
				CODE_SIGN_STYLE = Automatic;
				CURRENT_PROJECT_VERSION = 1;
				DEVELOPMENT_TEAM = 479TT666V2;
				GENERATE_INFOPLIST_FILE = YES;
				INFOPLIST_FILE = "simpleWorkFlows-pizzaDevilery/Info.plist";
				INFOPLIST_KEY_UIApplicationSupportsIndirectInputEvents = YES;
				INFOPLIST_KEY_UILaunchStoryboardName = LaunchScreen;
				INFOPLIST_KEY_UIMainStoryboardFile = Main;
				INFOPLIST_KEY_UISupportedInterfaceOrientations_iPad = "UIInterfaceOrientationPortrait UIInterfaceOrientationPortraitUpsideDown UIInterfaceOrientationLandscapeLeft UIInterfaceOrientationLandscapeRight";
				INFOPLIST_KEY_UISupportedInterfaceOrientations_iPhone = "UIInterfaceOrientationPortrait UIInterfaceOrientationLandscapeLeft UIInterfaceOrientationLandscapeRight";
				LD_RUNPATH_SEARCH_PATHS = (
					"$(inherited)",
					"@executable_path/Frameworks",
				);
				MARKETING_VERSION = 1.0;
				PRODUCT_BUNDLE_IDENTIFIER = "mtech.simpleWorkFlows-pizzaDevilery";
				PRODUCT_NAME = "$(TARGET_NAME)";
				SWIFT_EMIT_LOC_STRINGS = YES;
				SWIFT_VERSION = 5.0;
				TARGETED_DEVICE_FAMILY = "1,2";
			};
			name = Release;
		};
/* End XCBuildConfiguration section */

/* Begin XCConfigurationList section */
		8801C1A028E4DCB600C506FA /* Build configuration list for PBXProject "simpleWorkFlows-pizzaDevilery" */ = {
			isa = XCConfigurationList;
			buildConfigurations = (
				8801C1B728E4DCB700C506FA /* Debug */,
				8801C1B828E4DCB700C506FA /* Release */,
			);
			defaultConfigurationIsVisible = 0;
			defaultConfigurationName = Release;
		};
		8801C1B928E4DCB700C506FA /* Build configuration list for PBXNativeTarget "simpleWorkFlows-pizzaDevilery" */ = {
			isa = XCConfigurationList;
			buildConfigurations = (
				8801C1BA28E4DCB700C506FA /* Debug */,
				8801C1BB28E4DCB700C506FA /* Release */,
			);
			defaultConfigurationIsVisible = 0;
			defaultConfigurationName = Release;
		};
/* End XCConfigurationList section */
	};
	rootObject = 8801C19D28E4DCB600C506FA /* Project object */;
}
